{"is_source_file": false, "format": "", "description": "", "external_files": [], "external_methods": [], "published": [], "classes": [], "methods": [], "calls": [], "search-terms": [], "state": 2, "file_id": 20, "knowledge_revision": 43, "git_revision": "d39b6720ab3d700197d07fcaf7ca67312cdbd1e1", "hash": "e9b4c3b42cef0193b7fddb548d37e652", "format-version": 4, "code-base-name": "default", "filename": "tic_tac_toe_frontend_workspace/tic_tac_toe_frontend/post_process_status.lock", "revision_history": [{"43": "d39b6720ab3d700197d07fcaf7ca67312cdbd1e1"}]}